// !$*UTF8*$!
{
	archiveVersion = 1;
	classes = {
	};
	objectVersion = 46;
	objects = {

/* Begin PBXBuildFile section */
		F238AB361AAF9FE8005C4D87 /* main.m in Sources */ = {isa = PBXBuildFile; fileRef = F238AB351AAF9FE8005C4D87 /* main.m */; };
		F238AB391AAF9FE8005C4D87 /* AppDelegate.m in Sources */ = {isa = PBXBuildFile; fileRef = F238AB381AAF9FE8005C4D87 /* AppDelegate.m */; };
		F238AB3C1AAF9FE8005C4D87 /* ViewController.m in Sources */ = {isa = PBXBuildFile; fileRef = F238AB3B1AAF9FE8005C4D87 /* ViewController.m */; };
		F238AB3F1AAF9FE8005C4D87 /* Main.storyboard in Resources */ = {isa = PBXBuildFile; fileRef = F238AB3D1AAF9FE8005C4D87 /* Main.storyboard */; };
		F238AB411AAF9FE8005C4D87 /* Images.xcassets in Resources */ = {isa = PBXBuildFile; fileRef = F238AB401AAF9FE8005C4D87 /* Images.xcassets */; };
		F238AB441AAF9FE8005C4D87 /* LaunchScreen.xib in Resources */ = {isa = PBXBuildFile; fileRef = F238AB421AAF9FE8005C4D87 /* LaunchScreen.xib */; };
		F238AB501AAF9FE8005C4D87 /* WordPlayTests.m in Sources */ = {isa = PBXBuildFile; fileRef = F238AB4F1AAF9FE8005C4D87 /* WordPlayTests.m */; };
/* End PBXBuildFile section */

/* Begin PBXContainerItemProxy section */
		F238AB4A1AAF9FE8005C4D87 /* PBXContainerItemProxy */ = {
			isa = PBXContainerItemProxy;
			containerPortal = F238AB281AAF9FE8005C4D87 /* Project object */;
			proxyType = 1;
			remoteGlobalIDString = F238AB2F1AAF9FE8005C4D87;
			remoteInfo = WordPlay;
		};
/* End PBXContainerItemProxy section */

/* Begin PBXFileReference section */
		F238AB301AAF9FE8005C4D87 /* WordPlay.app */ = {isa = PBXFileReference; explicitFileType = wrapper.application; includeInIndex = 0; path = WordPlay.app; sourceTree = BUILT_PRODUCTS_DIR; };
		F238AB341AAF9FE8005C4D87 /* Info.plist */ = {isa = PBXFileReference; lastKnownFileType = text.plist.xml; path = Info.plist; sourceTree = "<group>"; };
		F238AB351AAF9FE8005C4D87 /* main.m */ = {isa = PBXFileReference; lastKnownFileType = sourcecode.c.objc; path = main.m; sourceTree = "<group>"; };
		F238AB371AAF9FE8005C4D87 /* AppDelegate.h */ = {isa = PBXFileReference; lastKnownFileType = sourcecode.c.h; path = AppDelegate.h; sourceTree = "<group>"; };
		F238AB381AAF9FE8005C4D87 /* AppDelegate.m */ = {isa = PBXFileReference; lastKnownFileType = sourcecode.c.objc; path = AppDelegate.m; sourceTree = "<group>"; };
		F238AB3A1AAF9FE8005C4D87 /* ViewController.h */ = {isa = PBXFileReference; lastKnownFileType = sourcecode.c.h; path = ViewController.h; sourceTree = "<group>"; };
		F238AB3B1AAF9FE8005C4D87 /* ViewController.m */ = {isa = PBXFileReference; lastKnownFileType = sourcecode.c.objc; path = ViewController.m; sourceTree = "<group>"; };
		F238AB3E1AAF9FE8005C4D87 /* Base */ = {isa = PBXFileReference; lastKnownFileType = file.storyboard; name = Base; path = Base.lproj/Main.storyboard; sourceTree = "<group>"; };
		F238AB401AAF9FE8005C4D87 /* Images.xcassets */ = {isa = PBXFileReference; lastKnownFileType = folder.assetcatalog; path = Images.xcassets; sourceTree = "<group>"; };
		F238AB431AAF9FE8005C4D87 /* Base */ = {isa = PBXFileReference; lastKnownFileType = file.xib; name = Base; path = Base.lproj/LaunchScreen.xib; sourceTree = "<group>"; };
		F238AB491AAF9FE8005C4D87 /* WordPlayTests.xctest */ = {isa = PBXFileReference; explicitFileType = wrapper.cfbundle; includeInIndex = 0; path = WordPlayTests.xctest; sourceTree = BUILT_PRODUCTS_DIR; };
		F238AB4E1AAF9FE8005C4D87 /* Info.plist */ = {isa = PBXFileReference; lastKnownFileType = text.plist.xml; path = Info.plist; sourceTree = "<group>"; };
		F238AB4F1AAF9FE8005C4D87 /* WordPlayTests.m */ = {isa = PBXFileReference; lastKnownFileType = sourcecode.c.objc; path = WordPlayTests.m; sourceTree = "<group>"; };
/* End PBXFileReference section */

/* Begin PBXFrameworksBuildPhase section */
		F238AB2D1AAF9FE8005C4D87 /* Frameworks */ = {
			isa = PBXFrameworksBuildPhase;
			buildActionMask = 2147483647;
			files = (
			);
			runOnlyForDeploymentPostprocessing = 0;
		};
		F238AB461AAF9FE8005C4D87 /* Frameworks */ = {
			isa = PBXFrameworksBuildPhase;
			buildActionMask = 2147483647;
			files = (
			);
			runOnlyForDeploymentPostprocessing = 0;
		};
/* End PBXFrameworksBuildPhase section */

/* Begin PBXGroup section */
		F238AB271AAF9FE8005C4D87 = {
			isa = PBXGroup;
			children = (
				F238AB321AAF9FE8005C4D87 /* WordPlay */,
				F238AB4C1AAF9FE8005C4D87 /* WordPlayTests */,
				F238AB311AAF9FE8005C4D87 /* Products */,
			);
			sourceTree = "<group>";
		};
		F238AB311AAF9FE8005C4D87 /* Products */ = {
			isa = PBXGroup;
			children = (
				F238AB301AAF9FE8005C4D87 /* WordPlay.app */,
				F238AB491AAF9FE8005C4D87 /* WordPlayTests.xctest */,
			);
			name = Products;
			sourceTree = "<group>";
		};
		F238AB321AAF9FE8005C4D87 /* WordPlay */ = {
			isa = PBXGroup;
			children = (
				F238AB371AAF9FE8005C4D87 /* AppDelegate.h */,
				F238AB381AAF9FE8005C4D87 /* AppDelegate.m */,
				F238AB3A1AAF9FE8005C4D87 /* ViewController.h */,
				F238AB3B1AAF9FE8005C4D87 /* ViewController.m */,
				F238AB3D1AAF9FE8005C4D87 /* Main.storyboard */,
				F238AB401AAF9FE8005C4D87 /* Images.xcassets */,
				F238AB421AAF9FE8005C4D87 /* LaunchScreen.xib */,
				F238AB331AAF9FE8005C4D87 /* Supporting Files */,
			);
			path = WordPlay;
			sourceTree = "<group>";
		};
		F238AB331AAF9FE8005C4D87 /* Supporting Files */ = {
			isa = PBXGroup;
			children = (
				F238AB341AAF9FE8005C4D87 /* Info.plist */,
				F238AB351AAF9FE8005C4D87 /* main.m */,
			);
			name = "Supporting Files";
			sourceTree = "<group>";
		};
		F238AB4C1AAF9FE8005C4D87 /* WordPlayTests */ = {
			isa = PBXGroup;
			children = (
				F238AB4F1AAF9FE8005C4D87 /* WordPlayTests.m */,
				F238AB4D1AAF9FE8005C4D87 /* Supporting Files */,
			);
			path = WordPlayTests;
			sourceTree = "<group>";
		};
		F238AB4D1AAF9FE8005C4D87 /* Supporting Files */ = {
			isa = PBXGroup;
			children = (
				F238AB4E1AAF9FE8005C4D87 /* Info.plist */,
			);
			name = "Supporting Files";
			sourceTree = "<group>";
		};
/* End PBXGroup section */

/* Begin PBXNativeTarget section */
		F238AB2F1AAF9FE8005C4D87 /* WordPlay */ = {
			isa = PBXNativeTarget;
			buildConfigurationList = F238AB531AAF9FE8005C4D87 /* Build configuration list for PBXNativeTarget "WordPlay" */;
			buildPhases = (
				F238AB2C1AAF9FE8005C4D87 /* Sources */,
				F238AB2D1AAF9FE8005C4D87 /* Frameworks */,
				F238AB2E1AAF9FE8005C4D87 /* Resources */,
			);
			buildRules = (
			);
			dependencies = (
			);
			name = WordPlay;
			productName = WordPlay;
			productReference = F238AB301AAF9FE8005C4D87 /* WordPlay.app */;
			productType = "com.apple.product-type.application";
		};
		F238AB481AAF9FE8005C4D87 /* WordPlayTests */ = {
			isa = PBXNativeTarget;
			buildConfigurationList = F238AB561AAF9FE8005C4D87 /* Build configuration list for PBXNativeTarget "WordPlayTests" */;
			buildPhases = (
				F238AB451AAF9FE8005C4D87 /* Sources */,
				F238AB461AAF9FE8005C4D87 /* Frameworks */,
				F238AB471AAF9FE8005C4D87 /* Resources */,
			);
			buildRules = (
			);
			dependencies = (
				F238AB4B1AAF9FE8005C4D87 /* PBXTargetDependency */,
			);
			name = WordPlayTests;
			productName = WordPlayTests;
			productReference = F238AB491AAF9FE8005C4D87 /* WordPlayTests.xctest */;
			productType = "com.apple.product-type.bundle.unit-test";
		};
/* End PBXNativeTarget section */

/* Begin PBXProject section */
		F238AB281AAF9FE8005C4D87 /* Project object */ = {
			isa = PBXProject;
			attributes = {
				LastUpgradeCheck = 0620;
				ORGANIZATIONNAME = Ron;
				TargetAttributes = {
					F238AB2F1AAF9FE8005C4D87 = {
						CreatedOnToolsVersion = 6.2;
					};
					F238AB481AAF9FE8005C4D87 = {
						CreatedOnToolsVersion = 6.2;
						TestTargetID = F238AB2F1AAF9FE8005C4D87;
					};
				};
			};
			buildConfigurationList = F238AB2B1AAF9FE8005C4D87 /* Build configuration list for PBXProject "WordPlay" */;
			compatibilityVersion = "Xcode 3.2";
			developmentRegion = English;
			hasScannedForEncodings = 0;
			knownRegions = (
				en,
				Base,
			);
			mainGroup = F238AB271AAF9FE8005C4D87;
			productRefGroup = F238AB311AAF9FE8005C4D87 /* Products */;
			projectDirPath = "";
			projectRoot = "";
			targets = (
				F238AB2F1AAF9FE8005C4D87 /* WordPlay */,
				F238AB481AAF9FE8005C4D87 /* WordPlayTests */,
			);
		};
/* End PBXProject section */

/* Begin PBXResourcesBuildPhase section */
		F238AB2E1AAF9FE8005C4D87 /* Resources */ = {
			isa = PBXResourcesBuildPhase;
			buildActionMask = 2147483647;
			files = (
				F238AB3F1AAF9FE8005C4D87 /* Main.storyboard in Resources */,
				F238AB441AAF9FE8005C4D87 /* LaunchScreen.xib in Resources */,
				F238AB411AAF9FE8005C4D87 /* Images.xcassets in Resources */,
			);
			runOnlyForDeploymentPostprocessing = 0;
		};
		F238AB471AAF9FE8005C4D87 /* Resources */ = {
			isa = PBXResourcesBuildPhase;
			buildActionMask = 2147483647;
			files = (
			);
			runOnlyForDeploymentPostprocessing = 0;
		};
/* End PBXResourcesBuildPhase section */

/* Begin PBXSourcesBuildPhase section */
		F238AB2C1AAF9FE8005C4D87 /* Sources */ = {
			isa = PBXSourcesBuildPhase;
			buildActionMask = 2147483647;
			files = (
				F238AB3C1AAF9FE8005C4D87 /* ViewController.m in Sources */,
				F238AB391AAF9FE8005C4D87 /* AppDelegate.m in Sources */,
				F238AB361AAF9FE8005C4D87 /* main.m in Sources */,
			);
			runOnlyForDeploymentPostprocessing = 0;
		};
		F238AB451AAF9FE8005C4D87 /* Sources */ = {
			isa = PBXSourcesBuildPhase;
			buildActionMask = 2147483647;
			files = (
				F238AB501AAF9FE8005C4D87 /* WordPlayTests.m in Sources */,
			);
			runOnlyForDeploymentPostprocessing = 0;
		};
/* End PBXSourcesBuildPhase section */

/* Begin PBXTargetDependency section */
		F238AB4B1AAF9FE8005C4D87 /* PBXTargetDependency */ = {
			isa = PBXTargetDependency;
			target = F238AB2F1AAF9FE8005C4D87 /* WordPlay */;
			targetProxy = F238AB4A1AAF9FE8005C4D87 /* PBXContainerItemProxy */;
		};
/* End PBXTargetDependency section */

/* Begin PBXVariantGroup section */
		F238AB3D1AAF9FE8005C4D87 /* Main.storyboard */ = {
			isa = PBXVariantGroup;
			children = (
				F238AB3E1AAF9FE8005C4D87 /* Base */,
			);
			name = Main.storyboard;
			sourceTree = "<group>";
		};
		F238AB421AAF9FE8005C4D87 /* LaunchScreen.xib */ = {
			isa = PBXVariantGroup;
			children = (
				F238AB431AAF9FE8005C4D87 /* Base */,
			);
			name = LaunchScreen.xib;
			sourceTree = "<group>";
		};
/* End PBXVariantGroup section */

/* Begin XCBuildConfiguration section */
		F238AB511AAF9FE8005C4D87 /* Debug */ = {
			isa = XCBuildConfiguration;
			buildSettings = {
				ALWAYS_SEARCH_USER_PATHS = NO;
				CLANG_CXX_LANGUAGE_STANDARD = "gnu++0x";
				CLANG_CXX_LIBRARY = "libc++";
				CLANG_ENABLE_MODULES = YES;
				CLANG_ENABLE_OBJC_ARC = YES;
				CLANG_WARN_BOOL_CONVERSION = YES;
				CLANG_WARN_CONSTANT_CONVERSION = YES;
				CLANG_WARN_DIRECT_OBJC_ISA_USAGE = YES_ERROR;
				CLANG_WARN_EMPTY_BODY = YES;
				CLANG_WARN_ENUM_CONVERSION = YES;
				CLANG_WARN_INT_CONVERSION = YES;
				CLANG_WARN_OBJC_ROOT_CLASS = YES_ERROR;
				CLANG_WARN_UNREACHABLE_CODE = YES;
				CLANG_WARN__DUPLICATE_METHOD_MATCH = YES;
				"CODE_SIGN_IDENTITY[sdk=iphoneos*]" = "iPhone Developer";
				COPY_PHASE_STRIP = NO;
				ENABLE_STRICT_OBJC_MSGSEND = YES;
				GCC_C_LANGUAGE_STANDARD = gnu99;
				GCC_DYNAMIC_NO_PIC = NO;
				GCC_OPTIMIZATION_LEVEL = 0;
				GCC_PREPROCESSOR_DEFINITIONS = (
					"DEBUG=1",
					"$(inherited)",
				);
				GCC_SYMBOLS_PRIVATE_EXTERN = NO;
				GCC_WARN_64_TO_32_BIT_CONVERSION = YES;
				GCC_WARN_ABOUT_RETURN_TYPE = YES_ERROR;
				GCC_WARN_UNDECLARED_SELECTOR = YES;
				GCC_WARN_UNINITIALIZED_AUTOS = YES_AGGRESSIVE;
				GCC_WARN_UNUSED_FUNCTION = YES;
				GCC_WARN_UNUSED_VARIABLE = YES;
				IPHONEOS_DEPLOYMENT_TARGET = 8.2;
				MTL_ENABLE_DEBUG_INFO = YES;
				ONLY_ACTIVE_ARCH = YES;
				SDKROOT = iphoneos;
			};
			name = Debug;
		};
		F238AB521AAF9FE8005C4D87 /* Release */ = {
			isa = XCBuildConfiguration;
			buildSettings = {
				ALWAYS_SEARCH_USER_PATHS = NO;
				CLANG_CXX_LANGUAGE_STANDARD = "gnu++0x";
				CLANG_CXX_LIBRARY = "libc++";
				CLANG_ENABLE_MODULES = YES;
				CLANG_ENABLE_OBJC_ARC = YES;
				CLANG_WARN_BOOL_CONVERSION = YES;
				CLANG_WARN_CONSTANT_CONVERSION = YES;
				CLANG_WARN_DIRECT_OBJC_ISA_USAGE = YES_ERROR;
				CLANG_WARN_EMPTY_BODY = YES;
				CLANG_WARN_ENUM_CONVERSION = YES;
				CLANG_WARN_INT_CONVERSION = YES;
				CLANG_WARN_OBJC_ROOT_CLASS = YES_ERROR;
				CLANG_WARN_UNREACHABLE_CODE = YES;
				CLANG_WARN__DUPLICATE_METHOD_MATCH = YES;
				"CODE_SIGN_IDENTITY[sdk=iphoneos*]" = "iPhone Developer";
				COPY_PHASE_STRIP = NO;
				ENABLE_NS_ASSERTIONS = NO;
				ENABLE_STRICT_OBJC_MSGSEND = YES;
				GCC_C_LANGUAGE_STANDARD = gnu99;
				GCC_WARN_64_TO_32_BIT_CONVERSION = YES;
				GCC_WARN_ABOUT_RETURN_TYPE = YES_ERROR;
				GCC_WARN_UNDECLARED_SELECTOR = YES;
				GCC_WARN_UNINITIALIZED_AUTOS = YES_AGGRESSIVE;
				GCC_WARN_UNUSED_FUNCTION = YES;
				GCC_WARN_UNUSED_VARIABLE = YES;
				IPHONEOS_DEPLOYMENT_TARGET = 8.2;
				MTL_ENABLE_DEBUG_INFO = NO;
				SDKROOT = iphoneos;
				VALIDATE_PRODUCT = YES;
			};
			name = Release;
		};
		F238AB541AAF9FE8005C4D87 /* Debug */ = {
			isa = XCBuildConfiguration;
			buildSettings = {
				ASSETCATALOG_COMPILER_APPICON_NAME = AppIcon;
				INFOPLIST_FILE = WordPlay/Info.plist;
				LD_RUNPATH_SEARCH_PATHS = "$(inherited) @executable_path/Frameworks";
				PRODUCT_NAME = "$(TARGET_NAME)";
			};
			name = Debug;
		};
		F238AB551AAF9FE8005C4D87 /* Release */ = {
			isa = XCBuildConfiguration;
			buildSettings = {
				ASSETCATALOG_COMPILER_APPICON_NAME = AppIcon;
				INFOPLIST_FILE = WordPlay/Info.plist;
				LD_RUNPATH_SEARCH_PATHS = "$(inherited) @executable_path/Frameworks";
				PRODUCT_NAME = "$(TARGET_NAME)";
			};
			name = Release;
		};
		F238AB571AAF9FE8005C4D87 /* Debug */ = {
			isa = XCBuildConfiguration;
			buildSettings = {
				BUNDLE_LOADER = "$(TEST_HOST)";
				FRAMEWORK_SEARCH_PATHS = (
					"$(SDKROOT)/Developer/Library/Frameworks",
					"$(inherited)",
				);
				GCC_PREPROCESSOR_DEFINITIONS = (
					"DEBUG=1",
					"$(inherited)",
				);
				INFOPLIST_FILE = WordPlayTests/Info.plist;
				LD_RUNPATH_SEARCH_PATHS = "$(inherited) @executable_path/Frameworks @loader_path/Frameworks";
				PRODUCT_NAME = "$(TARGET_NAME)";
				TEST_HOST = "$(BUILT_PRODUCTS_DIR)/WordPlay.app/WordPlay";
			};
			name = Debug;
		};
		F238AB581AAF9FE8005C4D87 /* Release */ = {
			isa = XCBuildConfiguration;
			buildSettings = {
				BUNDLE_LOADER = "$(TEST_HOST)";
				FRAMEWORK_SEARCH_PATHS = (
					"$(SDKROOT)/Developer/Library/Frameworks",
					"$(inherited)",
				);
				INFOPLIST_FILE = WordPlayTests/Info.plist;
				LD_RUNPATH_SEARCH_PATHS = "$(inherited) @executable_path/Frameworks @loader_path/Frameworks";
				PRODUCT_NAME = "$(TARGET_NAME)";
				TEST_HOST = "$(BUILT_PRODUCTS_DIR)/WordPlay.app/WordPlay";
			};
			name = Release;
		};
/* End XCBuildConfiguration section */

/* Begin XCConfigurationList section */
		F238AB2B1AAF9FE8005C4D87 /* Build configuration list for PBXProject "WordPlay" */ = {
			isa = XCConfigurationList;
			buildConfigurations = (
				F238AB511AAF9FE8005C4D87 /* Debug */,
				F238AB521AAF9FE8005C4D87 /* Release */,
			);
			defaultConfigurationIsVisible = 0;
			defaultConfigurationName = Release;
		};
		F238AB531AAF9FE8005C4D87 /* Build configuration list for PBXNativeTarget "WordPlay" */ = {
			isa = XCConfigurationList;
			buildConfigurations = (
				F238AB541AAF9FE8005C4D87 /* Debug */,
				F238AB551AAF9FE8005C4D87 /* Release */,
			);
			defaultConfigurationIsVisible = 0;
		};
		F238AB561AAF9FE8005C4D87 /* Build configuration list for PBXNativeTarget "WordPlayTests" */ = {
			isa = XCConfigurationList;
			buildConfigurations = (
				F238AB571AAF9FE8005C4D87 /* Debug */,
				F238AB581AAF9FE8005C4D87 /* Release */,
			);
			defaultConfigurationIsVisible = 0;
		};
/* End XCConfigurationList section */
	};
	rootObject = F238AB281AAF9FE8005C4D87 /* Project object */;
}
